
Microsoft Visual Studio Solution File, Format Version 12.00
# Visual Studio Version 17
VisualStudioVersion = 17.9.34728.123
MinimumVisualStudioVersion = 10.0.40219.1
Project("{FAE04EC0-301F-11D3-BF4B-00C04F79EFBC}") = "Copy", "Copy.csproj", "{3D9E6EE4-7E5D-4083-9E66-4B57A376DC40}"
EndProject
Global
	GlobalSection(SolutionConfigurationPlatforms) = preSolution
		Debug|Any CPU = Debug|Any CPU
		Release|Any CPU = Release|Any CPU
	EndGlobalSection
	GlobalSection(ProjectConfigurationPlatforms) = postSolution
		{3D9E6EE4-7E5D-4083-9E66-4B57A376DC40}.Debug|Any CPU.ActiveCfg = Debug|Any CPU
		{3D9E6EE4-7E5D-4083-9E66-4B57A376DC40}.Debug|Any CPU.Build.0 = Debug|Any CPU
		{3D9E6EE4-7E5D-4083-9E66-4B57A376DC40}.Release|Any CPU.ActiveCfg = Release|Any CPU
		{3D9E6EE4-7E5D-4083-9E66-4B57A376DC40}.Release|Any CPU.Build.0 = Release|Any CPU
	EndGlobalSection
	GlobalSection(SolutionProperties) = preSolution
		HideSolutionNode = FALSE
	EndGlobalSection
	GlobalSection(ExtensibilityGlobals) = postSolution
		SolutionGuid = {A2EF299B-68D6-4647-9DC4-FE42C58B2A21}
	EndGlobalSection
EndGlobal
